
Microsoft Visual Studio Solution File, Format Version 12.00
# Visual Studio Version 17
VisualStudioVersion = 17.9.34728.123
MinimumVisualStudioVersion = 10.0.40219.1
Project("{FAE04EC0-301F-11D3-BF4B-00C04F79EFBC}") = "IT_Crear_KB", "IT_Crear_KB.csproj", "{DBD3FB21-ABE0-4D41-833E-BCAFA4798F82}"
EndProject
Global
	GlobalSection(SolutionConfigurationPlatforms) = preSolution
		Debug|Any CPU = Debug|Any CPU
		Release|Any CPU = Release|Any CPU
	EndGlobalSection
	GlobalSection(ProjectConfigurationPlatforms) = postSolution
		{DBD3FB21-ABE0-4D41-833E-BCAFA4798F82}.Debug|Any CPU.ActiveCfg = Debug|Any CPU
		{DBD3FB21-ABE0-4D41-833E-BCAFA4798F82}.Debug|Any CPU.Build.0 = Debug|Any CPU
		{DBD3FB21-ABE0-4D41-833E-BCAFA4798F82}.Release|Any CPU.ActiveCfg = Release|Any CPU
		{DBD3FB21-ABE0-4D41-833E-BCAFA4798F82}.Release|Any CPU.Build.0 = Release|Any CPU
	EndGlobalSection
	GlobalSection(SolutionProperties) = preSolution
		HideSolutionNode = FALSE
	EndGlobalSection
	GlobalSection(ExtensibilityGlobals) = postSolution
		SolutionGuid = {092C399B-EC37-4805-83D6-C698F2106B70}
	EndGlobalSection
EndGlobal
